
Microsoft Visual Studio Solution File, Format Version 12.00
# Visual Studio 15
Project("{FAE04EC0-301F-11D3-BF4B-00C04F79EFBC}") = "ET.Recast", "ET.Recast.csproj", "{5EAABC85-BE3C-5102-B75E-6A05F198E024}"
EndProject
Project("{FAE04EC0-301F-11D3-BF4B-00C04F79EFBC}") = "ET.Core.Editor", "ET.Core.Editor.csproj", "{434ABBC2-662B-ABC9-3AD5-BE9B21E0CCC9}"
EndProject
Project("{FAE04EC0-301F-11D3-BF4B-00C04F79EFBC}") = "ET.Model", "ET.Model.csproj", "{B27E8595-689E-84F6-C004-F0A991EA2897}"
EndProject
Project("{FAE04EC0-301F-11D3-BF4B-00C04F79EFBC}") = "ET.MemoryPack", "ET.MemoryPack.csproj", "{32B345BE-E2A5-5717-F106-9B269BDFA3F1}"
EndProject
Project("{FAE04EC0-301F-11D3-BF4B-00C04F79EFBC}") = "ET.Core", "ET.Core.csproj", "{9EE77546-D95B-8A7C-D623-2D1C432C2368}"
EndProject
Project("{FAE04EC0-301F-11D3-BF4B-00C04F79EFBC}") = "ET.YooAssets", "ET.YooAssets.csproj", "{D7BB85A7-44AD-B2A5-ED98-9A2FD26B4927}"
EndProject
Project("{FAE04EC0-301F-11D3-BF4B-00C04F79EFBC}") = "ET.Loader.Editor", "ET.Loader.Editor.csproj", "{BC19291F-1161-0CEB-8AF1-C52E5840526A}"
EndProject
Project("{FAE04EC0-301F-11D3-BF4B-00C04F79EFBC}") = "ET.Hotfix", "ET.Hotfix.csproj", "{E80CEB6B-8C3E-DEC1-8CCE-0666A11B68DD}"
EndProject
Project("{FAE04EC0-301F-11D3-BF4B-00C04F79EFBC}") = "ET.YooAssets.Editor", "ET.YooAssets.Editor.csproj", "{08ADE2F1-532A-FA8B-A772-0D34C2D32CB2}"
EndProject
Project("{FAE04EC0-301F-11D3-BF4B-00C04F79EFBC}") = "Artees.SemanticVersioning", "Artees.SemanticVersioning.csproj", "{2AD642BD-7BEF-2118-C7DB-E46BA25CFC7D}"
EndProject
Project("{FAE04EC0-301F-11D3-BF4B-00C04F79EFBC}") = "ET.HybridCLR.Editor", "ET.HybridCLR.Editor.csproj", "{7E87F696-B513-6E42-DB6E-9786393AEC74}"
EndProject
Project("{FAE04EC0-301F-11D3-BF4B-00C04F79EFBC}") = "Sirenix.OdinInspector.CompatibilityLayer.Editor", "Sirenix.OdinInspector.CompatibilityLayer.Editor.csproj", "{6A239EE6-CDBA-DC7F-956D-232B7A0BEA95}"
EndProject
Project("{FAE04EC0-301F-11D3-BF4B-00C04F79EFBC}") = "ET.Loader", "ET.Loader.csproj", "{0B251033-85C6-4C06-C723-FB73E3D5BC68}"
EndProject
Project("{FAE04EC0-301F-11D3-BF4B-00C04F79EFBC}") = "Unity.Rider.Editor", "Unity.Rider.Editor.csproj", "{37E28EB3-29AB-E0BC-04AA-10694356CE29}"
EndProject
Project("{FAE04EC0-301F-11D3-BF4B-00C04F79EFBC}") = "ET.PackageManager.Editor", "ET.PackageManager.Editor.csproj", "{CA7AE583-F038-886B-D03D-FC1148A39457}"
EndProject
Project("{FAE04EC0-301F-11D3-BF4B-00C04F79EFBC}") = "ET.HotfixView", "ET.HotfixView.csproj", "{FC83B0F3-DA59-BDF5-408E-FF50D5E16DC0}"
EndProject
Project("{FAE04EC0-301F-11D3-BF4B-00C04F79EFBC}") = "ET.ReferenceCollector.Editor", "ET.ReferenceCollector.Editor.csproj", "{18395DB4-FC0F-CAD1-9E69-055813046004}"
EndProject
Project("{FAE04EC0-301F-11D3-BF4B-00C04F79EFBC}") = "ET.ModelView", "ET.ModelView.csproj", "{27AF0866-C093-0816-4DE3-A17C7376AA6E}"
EndProject
Project("{FAE04EC0-301F-11D3-BF4B-00C04F79EFBC}") = "Halodi.PackageRegistryManager.Editor", "Halodi.PackageRegistryManager.Editor.csproj", "{CCB2A4C7-4F84-2EB4-332E-C481DCBFDD33}"
EndProject
Project("{FAE04EC0-301F-11D3-BF4B-00C04F79EFBC}") = "ET.Proto.Editor", "ET.Proto.Editor.csproj", "{AF43A02C-4D7E-DD76-E64C-FCCC20077F3A}"
EndProject
Project("{FAE04EC0-301F-11D3-BF4B-00C04F79EFBC}") = "Sirenix.OdinInspector.CompatibilityLayer", "Sirenix.OdinInspector.CompatibilityLayer.csproj", "{3493B8F7-04BB-A2A3-6C52-6D0DCF9FA07C}"
EndProject
Project("{FAE04EC0-301F-11D3-BF4B-00C04F79EFBC}") = "ET.SourceGeneratorAttribute", "ET.SourceGeneratorAttribute.csproj", "{CC72D4A2-8E02-1C3D-EB72-DF7E7E6D150B}"
EndProject
Project("{FAE04EC0-301F-11D3-BF4B-00C04F79EFBC}") = "Halodi.PackageRegistryManager.Tests", "Halodi.PackageRegistryManager.Tests.csproj", "{D309ECB5-ADAF-DACE-B60A-DB7D90ACB2E8}"
EndProject
Project("{FAE04EC0-301F-11D3-BF4B-00C04F79EFBC}") = "ET.HybridCLR", "ET.HybridCLR.csproj", "{4B85471F-14AA-F121-2FD1-C3254ECCE330}"
EndProject
Project("{FAE04EC0-301F-11D3-BF4B-00C04F79EFBC}") = "ET.StateSync.Editor", "ET.StateSync.Editor.csproj", "{D7C5DDE2-CD30-0E6C-F717-F0A01FD5061E}"
EndProject
Project("{FAE04EC0-301F-11D3-BF4B-00C04F79EFBC}") = "ET.ReferenceCollector", "ET.ReferenceCollector.csproj", "{333AC718-48AD-171D-D948-3E5F76FE9747}"
EndProject
Project("{FAE04EC0-301F-11D3-BF4B-00C04F79EFBC}") = "ET.Init.Editor", "ET.Init.Editor.csproj", "{66BB084D-F0C2-E6DB-E196-63B975B6665E}"
EndProject
Project("{FAE04EC0-301F-11D3-BF4B-00C04F79EFBC}") = "Assembly-CSharp-firstpass", "Assembly-CSharp-firstpass.csproj", "{99FF736A-8729-F2FE-BC0B-AF7DA2AAA195}"
EndProject
Project("{FAE04EC0-301F-11D3-BF4B-00C04F79EFBC}") = "ET.Excel.Editor", "ET.Excel.Editor.csproj", "{2107EAC3-D75A-5300-2AEA-8007AA1A3A0C}"
EndProject
Project("{FAE04EC0-301F-11D3-BF4B-00C04F79EFBC}") = "Sirenix.OdinInspector.Modules.UnityMathematics", "Sirenix.OdinInspector.Modules.UnityMathematics.csproj", "{5BD37569-DE29-7810-A764-8DB30B80435A}"
EndProject
Global
	GlobalSection(SolutionConfigurationPlatforms) = preSolution
		Debug|Any CPU = Debug|Any CPU
		Release|Any CPU = Release|Any CPU
	EndGlobalSection
	GlobalSection(ProjectConfigurationPlatforms) = postSolution
		{5EAABC85-BE3C-5102-B75E-6A05F198E024}.Debug|Any CPU.ActiveCfg = Debug|Any CPU
		{5EAABC85-BE3C-5102-B75E-6A05F198E024}.Debug|Any CPU.Build.0 = Debug|Any CPU
		{5EAABC85-BE3C-5102-B75E-6A05F198E024}.Release|Any CPU.ActiveCfg = Release|Any CPU
		{5EAABC85-BE3C-5102-B75E-6A05F198E024}.Release|Any CPU.Build.0 = Release|Any CPU
		{434ABBC2-662B-ABC9-3AD5-BE9B21E0CCC9}.Debug|Any CPU.ActiveCfg = Debug|Any CPU
		{434ABBC2-662B-ABC9-3AD5-BE9B21E0CCC9}.Debug|Any CPU.Build.0 = Debug|Any CPU
		{434ABBC2-662B-ABC9-3AD5-BE9B21E0CCC9}.Release|Any CPU.ActiveCfg = Release|Any CPU
		{434ABBC2-662B-ABC9-3AD5-BE9B21E0CCC9}.Release|Any CPU.Build.0 = Release|Any CPU
		{B27E8595-689E-84F6-C004-F0A991EA2897}.Debug|Any CPU.ActiveCfg = Debug|Any CPU
		{B27E8595-689E-84F6-C004-F0A991EA2897}.Debug|Any CPU.Build.0 = Debug|Any CPU
		{B27E8595-689E-84F6-C004-F0A991EA2897}.Release|Any CPU.ActiveCfg = Release|Any CPU
		{B27E8595-689E-84F6-C004-F0A991EA2897}.Release|Any CPU.Build.0 = Release|Any CPU
		{32B345BE-E2A5-5717-F106-9B269BDFA3F1}.Debug|Any CPU.ActiveCfg = Debug|Any CPU
		{32B345BE-E2A5-5717-F106-9B269BDFA3F1}.Debug|Any CPU.Build.0 = Debug|Any CPU
		{32B345BE-E2A5-5717-F106-9B269BDFA3F1}.Release|Any CPU.ActiveCfg = Release|Any CPU
		{32B345BE-E2A5-5717-F106-9B269BDFA3F1}.Release|Any CPU.Build.0 = Release|Any CPU
		{9EE77546-D95B-8A7C-D623-2D1C432C2368}.Debug|Any CPU.ActiveCfg = Debug|Any CPU
		{9EE77546-D95B-8A7C-D623-2D1C432C2368}.Debug|Any CPU.Build.0 = Debug|Any CPU
		{9EE77546-D95B-8A7C-D623-2D1C432C2368}.Release|Any CPU.ActiveCfg = Release|Any CPU
		{9EE77546-D95B-8A7C-D623-2D1C432C2368}.Release|Any CPU.Build.0 = Release|Any CPU
		{D7BB85A7-44AD-B2A5-ED98-9A2FD26B4927}.Debug|Any CPU.ActiveCfg = Debug|Any CPU
		{D7BB85A7-44AD-B2A5-ED98-9A2FD26B4927}.Debug|Any CPU.Build.0 = Debug|Any CPU
		{D7BB85A7-44AD-B2A5-ED98-9A2FD26B4927}.Release|Any CPU.ActiveCfg = Release|Any CPU
		{D7BB85A7-44AD-B2A5-ED98-9A2FD26B4927}.Release|Any CPU.Build.0 = Release|Any CPU
		{BC19291F-1161-0CEB-8AF1-C52E5840526A}.Debug|Any CPU.ActiveCfg = Debug|Any CPU
		{BC19291F-1161-0CEB-8AF1-C52E5840526A}.Debug|Any CPU.Build.0 = Debug|Any CPU
		{BC19291F-1161-0CEB-8AF1-C52E5840526A}.Release|Any CPU.ActiveCfg = Release|Any CPU
		{BC19291F-1161-0CEB-8AF1-C52E5840526A}.Release|Any CPU.Build.0 = Release|Any CPU
		{E80CEB6B-8C3E-DEC1-8CCE-0666A11B68DD}.Debug|Any CPU.ActiveCfg = Debug|Any CPU
		{E80CEB6B-8C3E-DEC1-8CCE-0666A11B68DD}.Debug|Any CPU.Build.0 = Debug|Any CPU
		{E80CEB6B-8C3E-DEC1-8CCE-0666A11B68DD}.Release|Any CPU.ActiveCfg = Release|Any CPU
		{E80CEB6B-8C3E-DEC1-8CCE-0666A11B68DD}.Release|Any CPU.Build.0 = Release|Any CPU
		{08ADE2F1-532A-FA8B-A772-0D34C2D32CB2}.Debug|Any CPU.ActiveCfg = Debug|Any CPU
		{08ADE2F1-532A-FA8B-A772-0D34C2D32CB2}.Debug|Any CPU.Build.0 = Debug|Any CPU
		{08ADE2F1-532A-FA8B-A772-0D34C2D32CB2}.Release|Any CPU.ActiveCfg = Release|Any CPU
		{08ADE2F1-532A-FA8B-A772-0D34C2D32CB2}.Release|Any CPU.Build.0 = Release|Any CPU
		{2AD642BD-7BEF-2118-C7DB-E46BA25CFC7D}.Debug|Any CPU.ActiveCfg = Debug|Any CPU
		{2AD642BD-7BEF-2118-C7DB-E46BA25CFC7D}.Debug|Any CPU.Build.0 = Debug|Any CPU
		{2AD642BD-7BEF-2118-C7DB-E46BA25CFC7D}.Release|Any CPU.ActiveCfg = Release|Any CPU
		{2AD642BD-7BEF-2118-C7DB-E46BA25CFC7D}.Release|Any CPU.Build.0 = Release|Any CPU
		{7E87F696-B513-6E42-DB6E-9786393AEC74}.Debug|Any CPU.ActiveCfg = Debug|Any CPU
		{7E87F696-B513-6E42-DB6E-9786393AEC74}.Debug|Any CPU.Build.0 = Debug|Any CPU
		{7E87F696-B513-6E42-DB6E-9786393AEC74}.Release|Any CPU.ActiveCfg = Release|Any CPU
		{7E87F696-B513-6E42-DB6E-9786393AEC74}.Release|Any CPU.Build.0 = Release|Any CPU
		{6A239EE6-CDBA-DC7F-956D-232B7A0BEA95}.Debug|Any CPU.ActiveCfg = Debug|Any CPU
		{6A239EE6-CDBA-DC7F-956D-232B7A0BEA95}.Debug|Any CPU.Build.0 = Debug|Any CPU
		{6A239EE6-CDBA-DC7F-956D-232B7A0BEA95}.Release|Any CPU.ActiveCfg = Release|Any CPU
		{6A239EE6-CDBA-DC7F-956D-232B7A0BEA95}.Release|Any CPU.Build.0 = Release|Any CPU
		{0B251033-85C6-4C06-C723-FB73E3D5BC68}.Debug|Any CPU.ActiveCfg = Debug|Any CPU
		{0B251033-85C6-4C06-C723-FB73E3D5BC68}.Debug|Any CPU.Build.0 = Debug|Any CPU
		{0B251033-85C6-4C06-C723-FB73E3D5BC68}.Release|Any CPU.ActiveCfg = Release|Any CPU
		{0B251033-85C6-4C06-C723-FB73E3D5BC68}.Release|Any CPU.Build.0 = Release|Any CPU
		{37E28EB3-29AB-E0BC-04AA-10694356CE29}.Debug|Any CPU.ActiveCfg = Debug|Any CPU
		{37E28EB3-29AB-E0BC-04AA-10694356CE29}.Debug|Any CPU.Build.0 = Debug|Any CPU
		{37E28EB3-29AB-E0BC-04AA-10694356CE29}.Release|Any CPU.ActiveCfg = Release|Any CPU
		{37E28EB3-29AB-E0BC-04AA-10694356CE29}.Release|Any CPU.Build.0 = Release|Any CPU
		{CA7AE583-F038-886B-D03D-FC1148A39457}.Debug|Any CPU.ActiveCfg = Debug|Any CPU
		{CA7AE583-F038-886B-D03D-FC1148A39457}.Debug|Any CPU.Build.0 = Debug|Any CPU
		{CA7AE583-F038-886B-D03D-FC1148A39457}.Release|Any CPU.ActiveCfg = Release|Any CPU
		{CA7AE583-F038-886B-D03D-FC1148A39457}.Release|Any CPU.Build.0 = Release|Any CPU
		{FC83B0F3-DA59-BDF5-408E-FF50D5E16DC0}.Debug|Any CPU.ActiveCfg = Debug|Any CPU
		{FC83B0F3-DA59-BDF5-408E-FF50D5E16DC0}.Debug|Any CPU.Build.0 = Debug|Any CPU
		{FC83B0F3-DA59-BDF5-408E-FF50D5E16DC0}.Release|Any CPU.ActiveCfg = Release|Any CPU
		{FC83B0F3-DA59-BDF5-408E-FF50D5E16DC0}.Release|Any CPU.Build.0 = Release|Any CPU
		{18395DB4-FC0F-CAD1-9E69-055813046004}.Debug|Any CPU.ActiveCfg = Debug|Any CPU
		{18395DB4-FC0F-CAD1-9E69-055813046004}.Debug|Any CPU.Build.0 = Debug|Any CPU
		{18395DB4-FC0F-CAD1-9E69-055813046004}.Release|Any CPU.ActiveCfg = Release|Any CPU
		{18395DB4-FC0F-CAD1-9E69-055813046004}.Release|Any CPU.Build.0 = Release|Any CPU
		{27AF0866-C093-0816-4DE3-A17C7376AA6E}.Debug|Any CPU.ActiveCfg = Debug|Any CPU
		{27AF0866-C093-0816-4DE3-A17C7376AA6E}.Debug|Any CPU.Build.0 = Debug|Any CPU
		{27AF0866-C093-0816-4DE3-A17C7376AA6E}.Release|Any CPU.ActiveCfg = Release|Any CPU
		{27AF0866-C093-0816-4DE3-A17C7376AA6E}.Release|Any CPU.Build.0 = Release|Any CPU
		{CCB2A4C7-4F84-2EB4-332E-C481DCBFDD33}.Debug|Any CPU.ActiveCfg = Debug|Any CPU
		{CCB2A4C7-4F84-2EB4-332E-C481DCBFDD33}.Debug|Any CPU.Build.0 = Debug|Any CPU
		{CCB2A4C7-4F84-2EB4-332E-C481DCBFDD33}.Release|Any CPU.ActiveCfg = Release|Any CPU
		{CCB2A4C7-4F84-2EB4-332E-C481DCBFDD33}.Release|Any CPU.Build.0 = Release|Any CPU
		{AF43A02C-4D7E-DD76-E64C-FCCC20077F3A}.Debug|Any CPU.ActiveCfg = Debug|Any CPU
		{AF43A02C-4D7E-DD76-E64C-FCCC20077F3A}.Debug|Any CPU.Build.0 = Debug|Any CPU
		{AF43A02C-4D7E-DD76-E64C-FCCC20077F3A}.Release|Any CPU.ActiveCfg = Release|Any CPU
		{AF43A02C-4D7E-DD76-E64C-FCCC20077F3A}.Release|Any CPU.Build.0 = Release|Any CPU
		{3493B8F7-04BB-A2A3-6C52-6D0DCF9FA07C}.Debug|Any CPU.ActiveCfg = Debug|Any CPU
		{3493B8F7-04BB-A2A3-6C52-6D0DCF9FA07C}.Debug|Any CPU.Build.0 = Debug|Any CPU
		{3493B8F7-04BB-A2A3-6C52-6D0DCF9FA07C}.Release|Any CPU.ActiveCfg = Release|Any CPU
		{3493B8F7-04BB-A2A3-6C52-6D0DCF9FA07C}.Release|Any CPU.Build.0 = Release|Any CPU
		{CC72D4A2-8E02-1C3D-EB72-DF7E7E6D150B}.Debug|Any CPU.ActiveCfg = Debug|Any CPU
		{CC72D4A2-8E02-1C3D-EB72-DF7E7E6D150B}.Debug|Any CPU.Build.0 = Debug|Any CPU
		{CC72D4A2-8E02-1C3D-EB72-DF7E7E6D150B}.Release|Any CPU.ActiveCfg = Release|Any CPU
		{CC72D4A2-8E02-1C3D-EB72-DF7E7E6D150B}.Release|Any CPU.Build.0 = Release|Any CPU
		{D309ECB5-ADAF-DACE-B60A-DB7D90ACB2E8}.Debug|Any CPU.ActiveCfg = Debug|Any CPU
		{D309ECB5-ADAF-DACE-B60A-DB7D90ACB2E8}.Debug|Any CPU.Build.0 = Debug|Any CPU
		{D309ECB5-ADAF-DACE-B60A-DB7D90ACB2E8}.Release|Any CPU.ActiveCfg = Release|Any CPU
		{D309ECB5-ADAF-DACE-B60A-DB7D90ACB2E8}.Release|Any CPU.Build.0 = Release|Any CPU
		{4B85471F-14AA-F121-2FD1-C3254ECCE330}.Debug|Any CPU.ActiveCfg = Debug|Any CPU
		{4B85471F-14AA-F121-2FD1-C3254ECCE330}.Debug|Any CPU.Build.0 = Debug|Any CPU
		{4B85471F-14AA-F121-2FD1-C3254ECCE330}.Release|Any CPU.ActiveCfg = Release|Any CPU
		{4B85471F-14AA-F121-2FD1-C3254ECCE330}.Release|Any CPU.Build.0 = Release|Any CPU
		{D7C5DDE2-CD30-0E6C-F717-F0A01FD5061E}.Debug|Any CPU.ActiveCfg = Debug|Any CPU
		{D7C5DDE2-CD30-0E6C-F717-F0A01FD5061E}.Debug|Any CPU.Build.0 = Debug|Any CPU
		{D7C5DDE2-CD30-0E6C-F717-F0A01FD5061E}.Release|Any CPU.ActiveCfg = Release|Any CPU
		{D7C5DDE2-CD30-0E6C-F717-F0A01FD5061E}.Release|Any CPU.Build.0 = Release|Any CPU
		{333AC718-48AD-171D-D948-3E5F76FE9747}.Debug|Any CPU.ActiveCfg = Debug|Any CPU
		{333AC718-48AD-171D-D948-3E5F76FE9747}.Debug|Any CPU.Build.0 = Debug|Any CPU
		{333AC718-48AD-171D-D948-3E5F76FE9747}.Release|Any CPU.ActiveCfg = Release|Any CPU
		{333AC718-48AD-171D-D948-3E5F76FE9747}.Release|Any CPU.Build.0 = Release|Any CPU
		{66BB084D-F0C2-E6DB-E196-63B975B6665E}.Debug|Any CPU.ActiveCfg = Debug|Any CPU
		{66BB084D-F0C2-E6DB-E196-63B975B6665E}.Debug|Any CPU.Build.0 = Debug|Any CPU
		{66BB084D-F0C2-E6DB-E196-63B975B6665E}.Release|Any CPU.ActiveCfg = Release|Any CPU
		{66BB084D-F0C2-E6DB-E196-63B975B6665E}.Release|Any CPU.Build.0 = Release|Any CPU
		{99FF736A-8729-F2FE-BC0B-AF7DA2AAA195}.Debug|Any CPU.ActiveCfg = Debug|Any CPU
		{99FF736A-8729-F2FE-BC0B-AF7DA2AAA195}.Debug|Any CPU.Build.0 = Debug|Any CPU
		{99FF736A-8729-F2FE-BC0B-AF7DA2AAA195}.Release|Any CPU.ActiveCfg = Release|Any CPU
		{99FF736A-8729-F2FE-BC0B-AF7DA2AAA195}.Release|Any CPU.Build.0 = Release|Any CPU
		{2107EAC3-D75A-5300-2AEA-8007AA1A3A0C}.Debug|Any CPU.ActiveCfg = Debug|Any CPU
		{2107EAC3-D75A-5300-2AEA-8007AA1A3A0C}.Debug|Any CPU.Build.0 = Debug|Any CPU
		{2107EAC3-D75A-5300-2AEA-8007AA1A3A0C}.Release|Any CPU.ActiveCfg = Release|Any CPU
		{2107EAC3-D75A-5300-2AEA-8007AA1A3A0C}.Release|Any CPU.Build.0 = Release|Any CPU
		{5BD37569-DE29-7810-A764-8DB30B80435A}.Debug|Any CPU.ActiveCfg = Debug|Any CPU
		{5BD37569-DE29-7810-A764-8DB30B80435A}.Debug|Any CPU.Build.0 = Debug|Any CPU
		{5BD37569-DE29-7810-A764-8DB30B80435A}.Release|Any CPU.ActiveCfg = Release|Any CPU
		{5BD37569-DE29-7810-A764-8DB30B80435A}.Release|Any CPU.Build.0 = Release|Any CPU
	EndGlobalSection
	GlobalSection(SolutionProperties) = preSolution
		HideSolutionNode = FALSE
	EndGlobalSection
EndGlobal
